<?xml version="1.0" encoding="utf-8"?>
<Project ToolsVersion="4.0" xmlns="http://schemas.microsoft.com/developer/msbuild/2003">
  <ItemGroup>
    <ClCompile Include="src\ofApp.cpp">
      <Filter>src</Filter>
    </ClCompile>
    <ClCompile Include="src\main.cpp">
      <Filter>src</Filter>
    </ClCompile>
    <ClCompile Include="src\DataTypes\Vector2.cpp">
      <Filter>src\DataTypes</Filter>
    </ClCompile>
    <ClCompile Include="src\AIClasses\AISystem.cpp">
      <Filter>src\AIClasses</Filter>
    </ClCompile>
    <ClCompile Include="src\Renderer\Renderer.cpp">
      <Filter>src\Renderer</Filter>
    </ClCompile>
    <ClCompile Include="src\Components\Rigidbody.cpp">
      <Filter>src\Components</Filter>
    </ClCompile>
    <ClCompile Include="src\AIClasses\DynamicFlocking.cpp">
      <Filter>src\AIClasses\SteeringClasses</Filter>
    </ClCompile>
    <ClCompile Include="src\AIClasses\DynamicAlign.cpp">
      <Filter>src\AIClasses\SteeringClasses\BasicBehaviors</Filter>
    </ClCompile>
    <ClCompile Include="src\AIClasses\DynamicArrive.cpp">
      <Filter>src\AIClasses\SteeringClasses\BasicBehaviors</Filter>
    </ClCompile>
    <ClCompile Include="src\AIClasses\DynamicArrive2.cpp">
      <Filter>src\AIClasses\SteeringClasses\BasicBehaviors</Filter>
    </ClCompile>
    <ClCompile Include="src\AIClasses\DynamicSeek.cpp">
      <Filter>src\AIClasses\SteeringClasses\BasicBehaviors</Filter>
    </ClCompile>
    <ClCompile Include="src\AIClasses\DynamicVelocityMatch.cpp">
      <Filter>src\AIClasses\SteeringClasses\BasicBehaviors</Filter>
    </ClCompile>
    <ClCompile Include="src\AIClasses\KinematicSeek.cpp">
      <Filter>src\AIClasses\SteeringClasses\BasicBehaviors</Filter>
    </ClCompile>
    <ClCompile Include="src\AIClasses\DynamicWander.cpp">
      <Filter>src\AIClasses\SteeringClasses\AdvancedBehaviors</Filter>
    </ClCompile>
    <ClCompile Include="src\AIClasses\DynamicWander2.cpp">
      <Filter>src\AIClasses\SteeringClasses\AdvancedBehaviors</Filter>
    </ClCompile>
    <ClCompile Include="src\AIClasses\DynamicWander3.cpp">
      <Filter>src\AIClasses\SteeringClasses\AdvancedBehaviors</Filter>
    </ClCompile>
    <ClCompile Include="src\AIClasses\DynamicEvade.cpp">
      <Filter>src\AIClasses\SteeringClasses\AdvancedBehaviors</Filter>
    </ClCompile>
    <ClCompile Include="src\AIClasses\DynamicSeparation.cpp">
      <Filter>src\AIClasses\SteeringClasses\AdvancedBehaviors</Filter>
    </ClCompile>
  </ItemGroup>
  <ItemGroup>
    <Filter Include="src">
      <UniqueIdentifier>{d8376475-7454-4a24-b08a-aac121d3ad6f}</UniqueIdentifier>
    </Filter>
    <Filter Include="src\AIClasses">
      <UniqueIdentifier>{843777ae-4dca-4ba9-8899-05e0ab0dcf92}</UniqueIdentifier>
    </Filter>
    <Filter Include="src\DataTypes">
      <UniqueIdentifier>{54b863da-575f-4445-a942-70660c1e611b}</UniqueIdentifier>
    </Filter>
    <Filter Include="src\Renderer">
      <UniqueIdentifier>{652d72ce-4898-4960-a453-187532402c1f}</UniqueIdentifier>
    </Filter>
    <Filter Include="src\Components">
      <UniqueIdentifier>{7f45020a-0606-4bd5-9540-2631b3128fef}</UniqueIdentifier>
    </Filter>
    <Filter Include="src\AIClasses\SteeringClasses">
      <UniqueIdentifier>{cc191380-c59b-4362-98c7-1a2058670e5b}</UniqueIdentifier>
    </Filter>
    <Filter Include="src\AIClasses\SteeringClasses\BasicBehaviors">
      <UniqueIdentifier>{dcebd10e-e336-460a-b22b-92b615bb3fd6}</UniqueIdentifier>
    </Filter>
    <Filter Include="src\AIClasses\SteeringClasses\AdvancedBehaviors">
      <UniqueIdentifier>{d3e8dba3-ea20-4aba-9e6e-8402371f9dbb}</UniqueIdentifier>
    </Filter>
  </ItemGroup>
  <ItemGroup>
    <ClInclude Include="src\ofApp.h">
      <Filter>src</Filter>
    </ClInclude>
    <ClInclude Include="src\DataTypes\Vector2.h">
      <Filter>src\DataTypes</Filter>
    </ClInclude>
    <ClInclude Include="src\AIClasses\AISystem.h">
      <Filter>src\AIClasses</Filter>
    </ClInclude>
    <ClInclude Include="src\Renderer\Renderer.h">
      <Filter>src\Renderer</Filter>
    </ClInclude>
    <ClInclude Include="src\Components\Rigidbody.h">
      <Filter>src\Components</Filter>
    </ClInclude>
    <ClInclude Include="src\Components\AIComponent.h">
      <Filter>src\Components</Filter>
    </ClInclude>
    <ClInclude Include="src\AIClasses\ISteeringBehavior.h">
      <Filter>src\AIClasses\SteeringClasses</Filter>
    </ClInclude>
    <ClInclude Include="src\DataTypes\Orientation.h">
      <Filter>src\DataTypes</Filter>
    </ClInclude>
    <ClInclude Include="src\AIClasses\DynamicFlocking.h">
      <Filter>src\AIClasses\SteeringClasses</Filter>
    </ClInclude>
    <ClInclude Include="src\AIClasses\DynamicAlign.h">
      <Filter>src\AIClasses\SteeringClasses\BasicBehaviors</Filter>
    </ClInclude>
    <ClInclude Include="src\AIClasses\DynamicArrive.h">
      <Filter>src\AIClasses\SteeringClasses\BasicBehaviors</Filter>
    </ClInclude>
    <ClInclude Include="src\AIClasses\DynamicArrive2.h">
      <Filter>src\AIClasses\SteeringClasses\BasicBehaviors</Filter>
    </ClInclude>
    <ClInclude Include="src\AIClasses\DynamicSeek.h">
      <Filter>src\AIClasses\SteeringClasses\BasicBehaviors</Filter>
    </ClInclude>
    <ClInclude Include="src\AIClasses\DynamicVelocityMatch.h">
      <Filter>src\AIClasses\SteeringClasses\BasicBehaviors</Filter>
    </ClInclude>
    <ClInclude Include="src\AIClasses\KinematicSeek.h">
      <Filter>src\AIClasses\SteeringClasses\BasicBehaviors</Filter>
    </ClInclude>
    <ClInclude Include="src\AIClasses\DynamicWander.h">
      <Filter>src\AIClasses\SteeringClasses\AdvancedBehaviors</Filter>
    </ClInclude>
    <ClInclude Include="src\AIClasses\DynamicWander2.h">
      <Filter>src\AIClasses\SteeringClasses\AdvancedBehaviors</Filter>
    </ClInclude>
    <ClInclude Include="src\AIClasses\DynamicWander3.h">
      <Filter>src\AIClasses\SteeringClasses\AdvancedBehaviors</Filter>
    </ClInclude>
    <ClInclude Include="src\AIClasses\DynamicEvade.h">
      <Filter>src\AIClasses\SteeringClasses\AdvancedBehaviors</Filter>
    </ClInclude>
    <ClInclude Include="src\AIClasses\DynamicSeparation.h">
      <Filter>src\AIClasses\SteeringClasses\AdvancedBehaviors</Filter>
    </ClInclude>
  </ItemGroup>
  <ItemGroup>
    <ResourceCompile Include="icon.rc" />
  </ItemGroup>
</Project>